
Microsoft Visual Studio Solution File, Format Version 12.00
# Visual Studio Version 17
VisualStudioVersion = 17.0.31903.59
MinimumVisualStudioVersion = 10.0.40219.1
Project("{2150E333-8FDC-42A3-9474-1A3956D46DE8}") = "api", "api", "{1AE8ACA6-933B-BF2A-3671-3E2EAC007D16}"
EndProject
Project("{FAE04EC0-301F-11D3-BF4B-00C04F79EFBC}") = "TaskDashboard.Api", "api\TaskDashboard.Api\TaskDashboard.Api.csproj", "{61E65636-B193-48A7-AA95-4341809FACB7}"
EndProject
Project("{FAE04EC0-301F-11D3-BF4B-00C04F79EFBC}") = "TaskDashboard.Api.Tests", "api\TaskDashboard.Api.Tests\TaskDashboard.Api.Tests.csproj", "{1CE618F2-B97E-4467-93FD-2489CADBE78E}"
EndProject
Global
	GlobalSection(SolutionConfigurationPlatforms) = preSolution
		Debug|Any CPU = Debug|Any CPU
		Debug|x64 = Debug|x64
		Debug|x86 = Debug|x86
		Release|Any CPU = Release|Any CPU
		Release|x64 = Release|x64
		Release|x86 = Release|x86
	EndGlobalSection
	GlobalSection(ProjectConfigurationPlatforms) = postSolution
		{61E65636-B193-48A7-AA95-4341809FACB7}.Debug|Any CPU.ActiveCfg = Debug|Any CPU
		{61E65636-B193-48A7-AA95-4341809FACB7}.Debug|Any CPU.Build.0 = Debug|Any CPU
		{61E65636-B193-48A7-AA95-4341809FACB7}.Debug|x64.ActiveCfg = Debug|Any CPU
		{61E65636-B193-48A7-AA95-4341809FACB7}.Debug|x64.Build.0 = Debug|Any CPU
		{61E65636-B193-48A7-AA95-4341809FACB7}.Debug|x86.ActiveCfg = Debug|Any CPU
		{61E65636-B193-48A7-AA95-4341809FACB7}.Debug|x86.Build.0 = Debug|Any CPU
		{61E65636-B193-48A7-AA95-4341809FACB7}.Release|Any CPU.ActiveCfg = Release|Any CPU
		{61E65636-B193-48A7-AA95-4341809FACB7}.Release|Any CPU.Build.0 = Release|Any CPU
		{61E65636-B193-48A7-AA95-4341809FACB7}.Release|x64.ActiveCfg = Release|Any CPU
		{61E65636-B193-48A7-AA95-4341809FACB7}.Release|x64.Build.0 = Release|Any CPU
		{61E65636-B193-48A7-AA95-4341809FACB7}.Release|x86.ActiveCfg = Release|Any CPU
		{61E65636-B193-48A7-AA95-4341809FACB7}.Release|x86.Build.0 = Release|Any CPU
		{1CE618F2-B97E-4467-93FD-2489CADBE78E}.Debug|Any CPU.ActiveCfg = Debug|Any CPU
		{1CE618F2-B97E-4467-93FD-2489CADBE78E}.Debug|Any CPU.Build.0 = Debug|Any CPU
		{1CE618F2-B97E-4467-93FD-2489CADBE78E}.Debug|x64.ActiveCfg = Debug|Any CPU
		{1CE618F2-B97E-4467-93FD-2489CADBE78E}.Debug|x64.Build.0 = Debug|Any CPU
		{1CE618F2-B97E-4467-93FD-2489CADBE78E}.Debug|x86.ActiveCfg = Debug|Any CPU
		{1CE618F2-B97E-4467-93FD-2489CADBE78E}.Debug|x86.Build.0 = Debug|Any CPU
		{1CE618F2-B97E-4467-93FD-2489CADBE78E}.Release|Any CPU.ActiveCfg = Release|Any CPU
		{1CE618F2-B97E-4467-93FD-2489CADBE78E}.Release|Any CPU.Build.0 = Release|Any CPU
		{1CE618F2-B97E-4467-93FD-2489CADBE78E}.Release|x64.ActiveCfg = Release|Any CPU
		{1CE618F2-B97E-4467-93FD-2489CADBE78E}.Release|x64.Build.0 = Release|Any CPU
		{1CE618F2-B97E-4467-93FD-2489CADBE78E}.Release|x86.ActiveCfg = Release|Any CPU
		{1CE618F2-B97E-4467-93FD-2489CADBE78E}.Release|x86.Build.0 = Release|Any CPU
	EndGlobalSection
	GlobalSection(SolutionProperties) = preSolution
		HideSolutionNode = FALSE
	EndGlobalSection
	GlobalSection(NestedProjects) = preSolution
		{61E65636-B193-48A7-AA95-4341809FACB7} = {1AE8ACA6-933B-BF2A-3671-3E2EAC007D16}
		{1CE618F2-B97E-4467-93FD-2489CADBE78E} = {1AE8ACA6-933B-BF2A-3671-3E2EAC007D16}
	EndGlobalSection
EndGlobal
